// !$*UTF8*$!
{
	archiveVersion = 1;
	classes = {
	};
	objectVersion = 56;
	objects = {

/* Begin PBXBuildFile section */
		4BB25FB629A60BF9009A4F76 /* PastaTimerAppApp.swift in Sources */ = {isa = PBXBuildFile; fileRef = 4BB25FB529A60BF9009A4F76 /* PastaTimerAppApp.swift */; };
		4BB25FB829A60BF9009A4F76 /* MainView.swift in Sources */ = {isa = PBXBuildFile; fileRef = 4BB25FB729A60BF9009A4F76 /* MainView.swift */; };
		4BB25FBA29A60BFB009A4F76 /* Assets.xcassets in Resources */ = {isa = PBXBuildFile; fileRef = 4BB25FB929A60BFB009A4F76 /* Assets.xcassets */; };
		4BB25FBD29A60BFB009A4F76 /* Preview Assets.xcassets in Resources */ = {isa = PBXBuildFile; fileRef = 4BB25FBC29A60BFB009A4F76 /* Preview Assets.xcassets */; };
		4BB25FC729A60BFB009A4F76 /* PastaTimerAppTests.swift in Sources */ = {isa = PBXBuildFile; fileRef = 4BB25FC629A60BFB009A4F76 /* PastaTimerAppTests.swift */; };
		4BB25FD129A60BFB009A4F76 /* PastaTimerAppUITests.swift in Sources */ = {isa = PBXBuildFile; fileRef = 4BB25FD029A60BFB009A4F76 /* PastaTimerAppUITests.swift */; };
		4BB25FD329A60BFB009A4F76 /* PastaTimerAppUITestsLaunchTests.swift in Sources */ = {isa = PBXBuildFile; fileRef = 4BB25FD229A60BFB009A4F76 /* PastaTimerAppUITestsLaunchTests.swift */; };
		4BB25FE029A62307009A4F76 /* TimerView.swift in Sources */ = {isa = PBXBuildFile; fileRef = 4BB25FDF29A62307009A4F76 /* TimerView.swift */; };
/* End PBXBuildFile section */

/* Begin PBXContainerItemProxy section */
		4BB25FC329A60BFB009A4F76 /* PBXContainerItemProxy */ = {
			isa = PBXContainerItemProxy;
			containerPortal = 4BB25FAA29A60BF9009A4F76 /* Project object */;
			proxyType = 1;
			remoteGlobalIDString = 4BB25FB129A60BF9009A4F76;
			remoteInfo = PastaTimerApp;
		};
		4BB25FCD29A60BFB009A4F76 /* PBXContainerItemProxy */ = {
			isa = PBXContainerItemProxy;
			containerPortal = 4BB25FAA29A60BF9009A4F76 /* Project object */;
			proxyType = 1;
			remoteGlobalIDString = 4BB25FB129A60BF9009A4F76;
			remoteInfo = PastaTimerApp;
		};
/* End PBXContainerItemProxy section */

/* Begin PBXFileReference section */
		4BB25FB229A60BF9009A4F76 /* PastaTimerApp.app */ = {isa = PBXFileReference; explicitFileType = wrapper.application; includeInIndex = 0; path = PastaTimerApp.app; sourceTree = BUILT_PRODUCTS_DIR; };
		4BB25FB529A60BF9009A4F76 /* PastaTimerAppApp.swift */ = {isa = PBXFileReference; lastKnownFileType = sourcecode.swift; path = PastaTimerAppApp.swift; sourceTree = "<group>"; };
		4BB25FB729A60BF9009A4F76 /* MainView.swift */ = {isa = PBXFileReference; lastKnownFileType = sourcecode.swift; path = MainView.swift; sourceTree = "<group>"; };
		4BB25FB929A60BFB009A4F76 /* Assets.xcassets */ = {isa = PBXFileReference; lastKnownFileType = folder.assetcatalog; path = Assets.xcassets; sourceTree = "<group>"; };
		4BB25FBC29A60BFB009A4F76 /* Preview Assets.xcassets */ = {isa = PBXFileReference; lastKnownFileType = folder.assetcatalog; path = "Preview Assets.xcassets"; sourceTree = "<group>"; };
		4BB25FC229A60BFB009A4F76 /* PastaTimerAppTests.xctest */ = {isa = PBXFileReference; explicitFileType = wrapper.cfbundle; includeInIndex = 0; path = PastaTimerAppTests.xctest; sourceTree = BUILT_PRODUCTS_DIR; };
		4BB25FC629A60BFB009A4F76 /* PastaTimerAppTests.swift */ = {isa = PBXFileReference; lastKnownFileType = sourcecode.swift; path = PastaTimerAppTests.swift; sourceTree = "<group>"; };
		4BB25FCC29A60BFB009A4F76 /* PastaTimerAppUITests.xctest */ = {isa = PBXFileReference; explicitFileType = wrapper.cfbundle; includeInIndex = 0; path = PastaTimerAppUITests.xctest; sourceTree = BUILT_PRODUCTS_DIR; };
		4BB25FD029A60BFB009A4F76 /* PastaTimerAppUITests.swift */ = {isa = PBXFileReference; lastKnownFileType = sourcecode.swift; path = PastaTimerAppUITests.swift; sourceTree = "<group>"; };
		4BB25FD229A60BFB009A4F76 /* PastaTimerAppUITestsLaunchTests.swift */ = {isa = PBXFileReference; lastKnownFileType = sourcecode.swift; path = PastaTimerAppUITestsLaunchTests.swift; sourceTree = "<group>"; };
		4BB25FDF29A62307009A4F76 /* TimerView.swift */ = {isa = PBXFileReference; lastKnownFileType = sourcecode.swift; path = TimerView.swift; sourceTree = "<group>"; };
/* End PBXFileReference section */

/* Begin PBXFrameworksBuildPhase section */
		4BB25FAF29A60BF9009A4F76 /* Frameworks */ = {
			isa = PBXFrameworksBuildPhase;
			buildActionMask = 2147483647;
			files = (
			);
			runOnlyForDeploymentPostprocessing = 0;
		};
		4BB25FBF29A60BFB009A4F76 /* Frameworks */ = {
			isa = PBXFrameworksBuildPhase;
			buildActionMask = 2147483647;
			files = (
			);
			runOnlyForDeploymentPostprocessing = 0;
		};
		4BB25FC929A60BFB009A4F76 /* Frameworks */ = {
			isa = PBXFrameworksBuildPhase;
			buildActionMask = 2147483647;
			files = (
			);
			runOnlyForDeploymentPostprocessing = 0;
		};
/* End PBXFrameworksBuildPhase section */

/* Begin PBXGroup section */
		4BB25FA929A60BF9009A4F76 = {
			isa = PBXGroup;
			children = (
				4BB25FB429A60BF9009A4F76 /* PastaTimerApp */,
				4BB25FC529A60BFB009A4F76 /* PastaTimerAppTests */,
				4BB25FCF29A60BFB009A4F76 /* PastaTimerAppUITests */,
				4BB25FB329A60BF9009A4F76 /* Products */,
			);
			sourceTree = "<group>";
		};
		4BB25FB329A60BF9009A4F76 /* Products */ = {
			isa = PBXGroup;
			children = (
				4BB25FB229A60BF9009A4F76 /* PastaTimerApp.app */,
				4BB25FC229A60BFB009A4F76 /* PastaTimerAppTests.xctest */,
				4BB25FCC29A60BFB009A4F76 /* PastaTimerAppUITests.xctest */,
			);
			name = Products;
			sourceTree = "<group>";
		};
		4BB25FB429A60BF9009A4F76 /* PastaTimerApp */ = {
			isa = PBXGroup;
			children = (
				4BB25FB529A60BF9009A4F76 /* PastaTimerAppApp.swift */,
				4BB25FB729A60BF9009A4F76 /* MainView.swift */,
				4BB25FDF29A62307009A4F76 /* TimerView.swift */,
				4BB25FB929A60BFB009A4F76 /* Assets.xcassets */,
				4BB25FBB29A60BFB009A4F76 /* Preview Content */,
			);
			path = PastaTimerApp;
			sourceTree = "<group>";
		};
		4BB25FBB29A60BFB009A4F76 /* Preview Content */ = {
			isa = PBXGroup;
			children = (
				4BB25FBC29A60BFB009A4F76 /* Preview Assets.xcassets */,
			);
			path = "Preview Content";
			sourceTree = "<group>";
		};
		4BB25FC529A60BFB009A4F76 /* PastaTimerAppTests */ = {
			isa = PBXGroup;
			children = (
				4BB25FC629A60BFB009A4F76 /* PastaTimerAppTests.swift */,
			);
			path = PastaTimerAppTests;
			sourceTree = "<group>";
		};
		4BB25FCF29A60BFB009A4F76 /* PastaTimerAppUITests */ = {
			isa = PBXGroup;
			children = (
				4BB25FD029A60BFB009A4F76 /* PastaTimerAppUITests.swift */,
				4BB25FD229A60BFB009A4F76 /* PastaTimerAppUITestsLaunchTests.swift */,
			);
			path = PastaTimerAppUITests;
			sourceTree = "<group>";
		};
/* End PBXGroup section */

/* Begin PBXNativeTarget section */
		4BB25FB129A60BF9009A4F76 /* PastaTimerApp */ = {
			isa = PBXNativeTarget;
			buildConfigurationList = 4BB25FD629A60BFB009A4F76 /* Build configuration list for PBXNativeTarget "PastaTimerApp" */;
			buildPhases = (
				4BB25FAE29A60BF9009A4F76 /* Sources */,
				4BB25FAF29A60BF9009A4F76 /* Frameworks */,
				4BB25FB029A60BF9009A4F76 /* Resources */,
			);
			buildRules = (
			);
			dependencies = (
			);
			name = PastaTimerApp;
			productName = PastaTimerApp;
			productReference = 4BB25FB229A60BF9009A4F76 /* PastaTimerApp.app */;
			productType = "com.apple.product-type.application";
		};
		4BB25FC129A60BFB009A4F76 /* PastaTimerAppTests */ = {
			isa = PBXNativeTarget;
			buildConfigurationList = 4BB25FD929A60BFB009A4F76 /* Build configuration list for PBXNativeTarget "PastaTimerAppTests" */;
			buildPhases = (
				4BB25FBE29A60BFB009A4F76 /* Sources */,
				4BB25FBF29A60BFB009A4F76 /* Frameworks */,
				4BB25FC029A60BFB009A4F76 /* Resources */,
			);
			buildRules = (
			);
			dependencies = (
				4BB25FC429A60BFB009A4F76 /* PBXTargetDependency */,
			);
			name = PastaTimerAppTests;
			productName = PastaTimerAppTests;
			productReference = 4BB25FC229A60BFB009A4F76 /* PastaTimerAppTests.xctest */;
			productType = "com.apple.product-type.bundle.unit-test";
		};
		4BB25FCB29A60BFB009A4F76 /* PastaTimerAppUITests */ = {
			isa = PBXNativeTarget;
			buildConfigurationList = 4BB25FDC29A60BFB009A4F76 /* Build configuration list for PBXNativeTarget "PastaTimerAppUITests" */;
			buildPhases = (
				4BB25FC829A60BFB009A4F76 /* Sources */,
				4BB25FC929A60BFB009A4F76 /* Frameworks */,
				4BB25FCA29A60BFB009A4F76 /* Resources */,
			);
			buildRules = (
			);
			dependencies = (
				4BB25FCE29A60BFB009A4F76 /* PBXTargetDependency */,
			);
			name = PastaTimerAppUITests;
			productName = PastaTimerAppUITests;
			productReference = 4BB25FCC29A60BFB009A4F76 /* PastaTimerAppUITests.xctest */;
			productType = "com.apple.product-type.bundle.ui-testing";
		};
/* End PBXNativeTarget section */

/* Begin PBXProject section */
		4BB25FAA29A60BF9009A4F76 /* Project object */ = {
			isa = PBXProject;
			attributes = {
				BuildIndependentTargetsInParallel = 1;
				LastSwiftUpdateCheck = 1420;
				LastUpgradeCheck = 1420;
				TargetAttributes = {
					4BB25FB129A60BF9009A4F76 = {
						CreatedOnToolsVersion = 14.2;
					};
					4BB25FC129A60BFB009A4F76 = {
						CreatedOnToolsVersion = 14.2;
						TestTargetID = 4BB25FB129A60BF9009A4F76;
					};
					4BB25FCB29A60BFB009A4F76 = {
						CreatedOnToolsVersion = 14.2;
						TestTargetID = 4BB25FB129A60BF9009A4F76;
					};
				};
			};
			buildConfigurationList = 4BB25FAD29A60BF9009A4F76 /* Build configuration list for PBXProject "PastaTimerApp" */;
			compatibilityVersion = "Xcode 14.0";
			developmentRegion = en;
			hasScannedForEncodings = 0;
			knownRegions = (
				en,
				Base,
			);
			mainGroup = 4BB25FA929A60BF9009A4F76;
			productRefGroup = 4BB25FB329A60BF9009A4F76 /* Products */;
			projectDirPath = "";
			projectRoot = "";
			targets = (
				4BB25FB129A60BF9009A4F76 /* PastaTimerApp */,
				4BB25FC129A60BFB009A4F76 /* PastaTimerAppTests */,
				4BB25FCB29A60BFB009A4F76 /* PastaTimerAppUITests */,
			);
		};
/* End PBXProject section */

/* Begin PBXResourcesBuildPhase section */
		4BB25FB029A60BF9009A4F76 /* Resources */ = {
			isa = PBXResourcesBuildPhase;
			buildActionMask = 2147483647;
			files = (
				4BB25FBD29A60BFB009A4F76 /* Preview Assets.xcassets in Resources */,
				4BB25FBA29A60BFB009A4F76 /* Assets.xcassets in Resources */,
			);
			runOnlyForDeploymentPostprocessing = 0;
		};
		4BB25FC029A60BFB009A4F76 /* Resources */ = {
			isa = PBXResourcesBuildPhase;
			buildActionMask = 2147483647;
			files = (
			);
			runOnlyForDeploymentPostprocessing = 0;
		};
		4BB25FCA29A60BFB009A4F76 /* Resources */ = {
			isa = PBXResourcesBuildPhase;
			buildActionMask = 2147483647;
			files = (
			);
			runOnlyForDeploymentPostprocessing = 0;
		};
/* End PBXResourcesBuildPhase section */

/* Begin PBXSourcesBuildPhase section */
		4BB25FAE29A60BF9009A4F76 /* Sources */ = {
			isa = PBXSourcesBuildPhase;
			buildActionMask = 2147483647;
			files = (
				4BB25FE029A62307009A4F76 /* TimerView.swift in Sources */,
				4BB25FB829A60BF9009A4F76 /* MainView.swift in Sources */,
				4BB25FB629A60BF9009A4F76 /* PastaTimerAppApp.swift in Sources */,
			);
			runOnlyForDeploymentPostprocessing = 0;
		};
		4BB25FBE29A60BFB009A4F76 /* Sources */ = {
			isa = PBXSourcesBuildPhase;
			buildActionMask = 2147483647;
			files = (
				4BB25FC729A60BFB009A4F76 /* PastaTimerAppTests.swift in Sources */,
			);
			runOnlyForDeploymentPostprocessing = 0;
		};
		4BB25FC829A60BFB009A4F76 /* Sources */ = {
			isa = PBXSourcesBuildPhase;
			buildActionMask = 2147483647;
			files = (
				4BB25FD329A60BFB009A4F76 /* PastaTimerAppUITestsLaunchTests.swift in Sources */,
				4BB25FD129A60BFB009A4F76 /* PastaTimerAppUITests.swift in Sources */,
			);
			runOnlyForDeploymentPostprocessing = 0;
		};
/* End PBXSourcesBuildPhase section */

/* Begin PBXTargetDependency section */
		4BB25FC429A60BFB009A4F76 /* PBXTargetDependency */ = {
			isa = PBXTargetDependency;
			target = 4BB25FB129A60BF9009A4F76 /* PastaTimerApp */;
			targetProxy = 4BB25FC329A60BFB009A4F76 /* PBXContainerItemProxy */;
		};
		4BB25FCE29A60BFB009A4F76 /* PBXTargetDependency */ = {
			isa = PBXTargetDependency;
			target = 4BB25FB129A60BF9009A4F76 /* PastaTimerApp */;
			targetProxy = 4BB25FCD29A60BFB009A4F76 /* PBXContainerItemProxy */;
		};
/* End PBXTargetDependency section */

/* Begin XCBuildConfiguration section */
		4BB25FD429A60BFB009A4F76 /* Debug */ = {
			isa = XCBuildConfiguration;
			buildSettings = {
				ALWAYS_SEARCH_USER_PATHS = NO;
				CLANG_ANALYZER_NONNULL = YES;
				CLANG_ANALYZER_NUMBER_OBJECT_CONVERSION = YES_AGGRESSIVE;
				CLANG_CXX_LANGUAGE_STANDARD = "gnu++20";
				CLANG_ENABLE_MODULES = YES;
				CLANG_ENABLE_OBJC_ARC = YES;
				CLANG_ENABLE_OBJC_WEAK = YES;
				CLANG_WARN_BLOCK_CAPTURE_AUTORELEASING = YES;
				CLANG_WARN_BOOL_CONVERSION = YES;
				CLANG_WARN_COMMA = YES;
				CLANG_WARN_CONSTANT_CONVERSION = YES;
				CLANG_WARN_DEPRECATED_OBJC_IMPLEMENTATIONS = YES;
				CLANG_WARN_DIRECT_OBJC_ISA_USAGE = YES_ERROR;
				CLANG_WARN_DOCUMENTATION_COMMENTS = YES;
				CLANG_WARN_EMPTY_BODY = YES;
				CLANG_WARN_ENUM_CONVERSION = YES;
				CLANG_WARN_INFINITE_RECURSION = YES;
				CLANG_WARN_INT_CONVERSION = YES;
				CLANG_WARN_NON_LITERAL_NULL_CONVERSION = YES;
				CLANG_WARN_OBJC_IMPLICIT_RETAIN_SELF = YES;
				CLANG_WARN_OBJC_LITERAL_CONVERSION = YES;
				CLANG_WARN_OBJC_ROOT_CLASS = YES_ERROR;
				CLANG_WARN_QUOTED_INCLUDE_IN_FRAMEWORK_HEADER = YES;
				CLANG_WARN_RANGE_LOOP_ANALYSIS = YES;
				CLANG_WARN_STRICT_PROTOTYPES = YES;
				CLANG_WARN_SUSPICIOUS_MOVE = YES;
				CLANG_WARN_UNGUARDED_AVAILABILITY = YES_AGGRESSIVE;
				CLANG_WARN_UNREACHABLE_CODE = YES;
				CLANG_WARN__DUPLICATE_METHOD_MATCH = YES;
				COPY_PHASE_STRIP = NO;
				DEBUG_INFORMATION_FORMAT = dwarf;
				ENABLE_STRICT_OBJC_MSGSEND = YES;
				ENABLE_TESTABILITY = YES;
				GCC_C_LANGUAGE_STANDARD = gnu11;
				GCC_DYNAMIC_NO_PIC = NO;
				GCC_NO_COMMON_BLOCKS = YES;
				GCC_OPTIMIZATION_LEVEL = 0;
				GCC_PREPROCESSOR_DEFINITIONS = (
					"DEBUG=1",
					"$(inherited)",
				);
				GCC_WARN_64_TO_32_BIT_CONVERSION = YES;
				GCC_WARN_ABOUT_RETURN_TYPE = YES_ERROR;
				GCC_WARN_UNDECLARED_SELECTOR = YES;
				GCC_WARN_UNINITIALIZED_AUTOS = YES_AGGRESSIVE;
				GCC_WARN_UNUSED_FUNCTION = YES;
				GCC_WARN_UNUSED_VARIABLE = YES;
				IPHONEOS_DEPLOYMENT_TARGET = 16.2;
				MTL_ENABLE_DEBUG_INFO = INCLUDE_SOURCE;
				MTL_FAST_MATH = YES;
				ONLY_ACTIVE_ARCH = YES;
				SDKROOT = iphoneos;
				SWIFT_ACTIVE_COMPILATION_CONDITIONS = DEBUG;
				SWIFT_OPTIMIZATION_LEVEL = "-Onone";
			};
			name = Debug;
		};
		4BB25FD529A60BFB009A4F76 /* Release */ = {
			isa = XCBuildConfiguration;
			buildSettings = {
				ALWAYS_SEARCH_USER_PATHS = NO;
				CLANG_ANALYZER_NONNULL = YES;
				CLANG_ANALYZER_NUMBER_OBJECT_CONVERSION = YES_AGGRESSIVE;
				CLANG_CXX_LANGUAGE_STANDARD = "gnu++20";
				CLANG_ENABLE_MODULES = YES;
				CLANG_ENABLE_OBJC_ARC = YES;
				CLANG_ENABLE_OBJC_WEAK = YES;
				CLANG_WARN_BLOCK_CAPTURE_AUTORELEASING = YES;
				CLANG_WARN_BOOL_CONVERSION = YES;
				CLANG_WARN_COMMA = YES;
				CLANG_WARN_CONSTANT_CONVERSION = YES;
				CLANG_WARN_DEPRECATED_OBJC_IMPLEMENTATIONS = YES;
				CLANG_WARN_DIRECT_OBJC_ISA_USAGE = YES_ERROR;
				CLANG_WARN_DOCUMENTATION_COMMENTS = YES;
				CLANG_WARN_EMPTY_BODY = YES;
				CLANG_WARN_ENUM_CONVERSION = YES;
				CLANG_WARN_INFINITE_RECURSION = YES;
				CLANG_WARN_INT_CONVERSION = YES;
				CLANG_WARN_NON_LITERAL_NULL_CONVERSION = YES;
				CLANG_WARN_OBJC_IMPLICIT_RETAIN_SELF = YES;
				CLANG_WARN_OBJC_LITERAL_CONVERSION = YES;
				CLANG_WARN_OBJC_ROOT_CLASS = YES_ERROR;
				CLANG_WARN_QUOTED_INCLUDE_IN_FRAMEWORK_HEADER = YES;
				CLANG_WARN_RANGE_LOOP_ANALYSIS = YES;
				CLANG_WARN_STRICT_PROTOTYPES = YES;
				CLANG_WARN_SUSPICIOUS_MOVE = YES;
				CLANG_WARN_UNGUARDED_AVAILABILITY = YES_AGGRESSIVE;
				CLANG_WARN_UNREACHABLE_CODE = YES;
				CLANG_WARN__DUPLICATE_METHOD_MATCH = YES;
				COPY_PHASE_STRIP = NO;
				DEBUG_INFORMATION_FORMAT = "dwarf-with-dsym";
				ENABLE_NS_ASSERTIONS = NO;
				ENABLE_STRICT_OBJC_MSGSEND = YES;
				GCC_C_LANGUAGE_STANDARD = gnu11;
				GCC_NO_COMMON_BLOCKS = YES;
				GCC_WARN_64_TO_32_BIT_CONVERSION = YES;
				GCC_WARN_ABOUT_RETURN_TYPE = YES_ERROR;
				GCC_WARN_UNDECLARED_SELECTOR = YES;
				GCC_WARN_UNINITIALIZED_AUTOS = YES_AGGRESSIVE;
				GCC_WARN_UNUSED_FUNCTION = YES;
				GCC_WARN_UNUSED_VARIABLE = YES;
				IPHONEOS_DEPLOYMENT_TARGET = 16.2;
				MTL_ENABLE_DEBUG_INFO = NO;
				MTL_FAST_MATH = YES;
				SDKROOT = iphoneos;
				SWIFT_COMPILATION_MODE = wholemodule;
				SWIFT_OPTIMIZATION_LEVEL = "-O";
				VALIDATE_PRODUCT = YES;
			};
			name = Release;
		};
		4BB25FD729A60BFB009A4F76 /* Debug */ = {
			isa = XCBuildConfiguration;
			buildSettings = {
				ASSETCATALOG_COMPILER_APPICON_NAME = AppIcon;
				ASSETCATALOG_COMPILER_GLOBAL_ACCENT_COLOR_NAME = AccentColor;
				CODE_SIGN_STYLE = Automatic;
				CURRENT_PROJECT_VERSION = 1;
				DEVELOPMENT_ASSET_PATHS = "\"PastaTimerApp/Preview Content\"";
				DEVELOPMENT_TEAM = T9YR8BW7J5;
				ENABLE_PREVIEWS = YES;
				GENERATE_INFOPLIST_FILE = YES;
				INFOPLIST_KEY_UIApplicationSceneManifest_Generation = YES;
				INFOPLIST_KEY_UIApplicationSupportsIndirectInputEvents = YES;
				INFOPLIST_KEY_UILaunchScreen_Generation = YES;
				INFOPLIST_KEY_UISupportedInterfaceOrientations_iPad = "UIInterfaceOrientationPortrait UIInterfaceOrientationPortraitUpsideDown UIInterfaceOrientationLandscapeLeft UIInterfaceOrientationLandscapeRight";
				INFOPLIST_KEY_UISupportedInterfaceOrientations_iPhone = "UIInterfaceOrientationPortrait UIInterfaceOrientationLandscapeLeft UIInterfaceOrientationLandscapeRight";
				LD_RUNPATH_SEARCH_PATHS = (
					"$(inherited)",
					"@executable_path/Frameworks",
				);
				MARKETING_VERSION = 1.0;
				PRODUCT_BUNDLE_IDENTIFIER = com.mando.PastaTimerApp;
				PRODUCT_NAME = "$(TARGET_NAME)";
				SWIFT_EMIT_LOC_STRINGS = YES;
				SWIFT_VERSION = 5.0;
				TARGETED_DEVICE_FAMILY = "1,2";
			};
			name = Debug;
		};
		4BB25FD829A60BFB009A4F76 /* Release */ = {
			isa = XCBuildConfiguration;
			buildSettings = {
				ASSETCATALOG_COMPILER_APPICON_NAME = AppIcon;
				ASSETCATALOG_COMPILER_GLOBAL_ACCENT_COLOR_NAME = AccentColor;
				CODE_SIGN_STYLE = Automatic;
				CURRENT_PROJECT_VERSION = 1;
				DEVELOPMENT_ASSET_PATHS = "\"PastaTimerApp/Preview Content\"";
				DEVELOPMENT_TEAM = T9YR8BW7J5;
				ENABLE_PREVIEWS = YES;
				GENERATE_INFOPLIST_FILE = YES;
				INFOPLIST_KEY_UIApplicationSceneManifest_Generation = YES;
				INFOPLIST_KEY_UIApplicationSupportsIndirectInputEvents = YES;
				INFOPLIST_KEY_UILaunchScreen_Generation = YES;
				INFOPLIST_KEY_UISupportedInterfaceOrientations_iPad = "UIInterfaceOrientationPortrait UIInterfaceOrientationPortraitUpsideDown UIInterfaceOrientationLandscapeLeft UIInterfaceOrientationLandscapeRight";
				INFOPLIST_KEY_UISupportedInterfaceOrientations_iPhone = "UIInterfaceOrientationPortrait UIInterfaceOrientationLandscapeLeft UIInterfaceOrientationLandscapeRight";
				LD_RUNPATH_SEARCH_PATHS = (
					"$(inherited)",
					"@executable_path/Frameworks",
				);
				MARKETING_VERSION = 1.0;
				PRODUCT_BUNDLE_IDENTIFIER = com.mando.PastaTimerApp;
				PRODUCT_NAME = "$(TARGET_NAME)";
				SWIFT_EMIT_LOC_STRINGS = YES;
				SWIFT_VERSION = 5.0;
				TARGETED_DEVICE_FAMILY = "1,2";
			};
			name = Release;
		};
		4BB25FDA29A60BFB009A4F76 /* Debug */ = {
			isa = XCBuildConfiguration;
			buildSettings = {
				ALWAYS_EMBED_SWIFT_STANDARD_LIBRARIES = YES;
				BUNDLE_LOADER = "$(TEST_HOST)";
				CODE_SIGN_STYLE = Automatic;
				CURRENT_PROJECT_VERSION = 1;
				DEVELOPMENT_TEAM = T9YR8BW7J5;
				GENERATE_INFOPLIST_FILE = YES;
				IPHONEOS_DEPLOYMENT_TARGET = 16.2;
				MARKETING_VERSION = 1.0;
				PRODUCT_BUNDLE_IDENTIFIER = com.mando.PastaTimerAppTests;
				PRODUCT_NAME = "$(TARGET_NAME)";
				SWIFT_EMIT_LOC_STRINGS = NO;
				SWIFT_VERSION = 5.0;
				TARGETED_DEVICE_FAMILY = "1,2";
				TEST_HOST = "$(BUILT_PRODUCTS_DIR)/PastaTimerApp.app/$(BUNDLE_EXECUTABLE_FOLDER_PATH)/PastaTimerApp";
			};
			name = Debug;
		};
		4BB25FDB29A60BFB009A4F76 /* Release */ = {
			isa = XCBuildConfiguration;
			buildSettings = {
				ALWAYS_EMBED_SWIFT_STANDARD_LIBRARIES = YES;
				BUNDLE_LOADER = "$(TEST_HOST)";
				CODE_SIGN_STYLE = Automatic;
				CURRENT_PROJECT_VERSION = 1;
				DEVELOPMENT_TEAM = T9YR8BW7J5;
				GENERATE_INFOPLIST_FILE = YES;
				IPHONEOS_DEPLOYMENT_TARGET = 16.2;
				MARKETING_VERSION = 1.0;
				PRODUCT_BUNDLE_IDENTIFIER = com.mando.PastaTimerAppTests;
				PRODUCT_NAME = "$(TARGET_NAME)";
				SWIFT_EMIT_LOC_STRINGS = NO;
				SWIFT_VERSION = 5.0;
				TARGETED_DEVICE_FAMILY = "1,2";
				TEST_HOST = "$(BUILT_PRODUCTS_DIR)/PastaTimerApp.app/$(BUNDLE_EXECUTABLE_FOLDER_PATH)/PastaTimerApp";
			};
			name = Release;
		};
		4BB25FDD29A60BFB009A4F76 /* Debug */ = {
			isa = XCBuildConfiguration;
			buildSettings = {
				ALWAYS_EMBED_SWIFT_STANDARD_LIBRARIES = YES;
				CODE_SIGN_STYLE = Automatic;
				CURRENT_PROJECT_VERSION = 1;
				DEVELOPMENT_TEAM = T9YR8BW7J5;
				GENERATE_INFOPLIST_FILE = YES;
				MARKETING_VERSION = 1.0;
				PRODUCT_BUNDLE_IDENTIFIER = com.mando.PastaTimerAppUITests;
				PRODUCT_NAME = "$(TARGET_NAME)";
				SWIFT_EMIT_LOC_STRINGS = NO;
				SWIFT_VERSION = 5.0;
				TARGETED_DEVICE_FAMILY = "1,2";
				TEST_TARGET_NAME = PastaTimerApp;
			};
			name = Debug;
		};
		4BB25FDE29A60BFB009A4F76 /* Release */ = {
			isa = XCBuildConfiguration;
			buildSettings = {
				ALWAYS_EMBED_SWIFT_STANDARD_LIBRARIES = YES;
				CODE_SIGN_STYLE = Automatic;
				CURRENT_PROJECT_VERSION = 1;
				DEVELOPMENT_TEAM = T9YR8BW7J5;
				GENERATE_INFOPLIST_FILE = YES;
				MARKETING_VERSION = 1.0;
				PRODUCT_BUNDLE_IDENTIFIER = com.mando.PastaTimerAppUITests;
				PRODUCT_NAME = "$(TARGET_NAME)";
				SWIFT_EMIT_LOC_STRINGS = NO;
				SWIFT_VERSION = 5.0;
				TARGETED_DEVICE_FAMILY = "1,2";
				TEST_TARGET_NAME = PastaTimerApp;
			};
			name = Release;
		};
/* End XCBuildConfiguration section */

/* Begin XCConfigurationList section */
		4BB25FAD29A60BF9009A4F76 /* Build configuration list for PBXProject "PastaTimerApp" */ = {
			isa = XCConfigurationList;
			buildConfigurations = (
				4BB25FD429A60BFB009A4F76 /* Debug */,
				4BB25FD529A60BFB009A4F76 /* Release */,
			);
			defaultConfigurationIsVisible = 0;
			defaultConfigurationName = Release;
		};
		4BB25FD629A60BFB009A4F76 /* Build configuration list for PBXNativeTarget "PastaTimerApp" */ = {
			isa = XCConfigurationList;
			buildConfigurations = (
				4BB25FD729A60BFB009A4F76 /* Debug */,
				4BB25FD829A60BFB009A4F76 /* Release */,
			);
			defaultConfigurationIsVisible = 0;
			defaultConfigurationName = Release;
		};
		4BB25FD929A60BFB009A4F76 /* Build configuration list for PBXNativeTarget "PastaTimerAppTests" */ = {
			isa = XCConfigurationList;
			buildConfigurations = (
				4BB25FDA29A60BFB009A4F76 /* Debug */,
				4BB25FDB29A60BFB009A4F76 /* Release */,
			);
			defaultConfigurationIsVisible = 0;
			defaultConfigurationName = Release;
		};
		4BB25FDC29A60BFB009A4F76 /* Build configuration list for PBXNativeTarget "PastaTimerAppUITests" */ = {
			isa = XCConfigurationList;
			buildConfigurations = (
				4BB25FDD29A60BFB009A4F76 /* Debug */,
				4BB25FDE29A60BFB009A4F76 /* Release */,
			);
			defaultConfigurationIsVisible = 0;
			defaultConfigurationName = Release;
		};
/* End XCConfigurationList section */
	};
	rootObject = 4BB25FAA29A60BF9009A4F76 /* Project object */;
}
